// !$*UTF8*$!
{
	archiveVersion = 1;
	classes = {
	};
	objectVersion = 56;
	objects = {

/* Begin PBXBuildFile section */
		C93D4AC72C15A0FE00100E24 /* ContactForm.swift in Sources */ = {isa = PBXBuildFile; fileRef = C93D4AC62C15A0FE00100E24 /* ContactForm.swift */; };
		C94A897A2C21679E002BFCAC /* TabViews.swift in Sources */ = {isa = PBXBuildFile; fileRef = C94A89792C21679E002BFCAC /* TabViews.swift */; };
		C963E6492C0E8DE4000E893D /* Assets.xcassets in Resources */ = {isa = PBXBuildFile; fileRef = C963E6482C0E8DE4000E893D /* Assets.xcassets */; };
		C963E64C2C0E8DE4000E893D /* Preview Assets.xcassets in Resources */ = {isa = PBXBuildFile; fileRef = C963E64B2C0E8DE4000E893D /* Preview Assets.xcassets */; };
		C963E6532C0E8F12000E893D /* Recipe.swift in Sources */ = {isa = PBXBuildFile; fileRef = C963E6522C0E8F12000E893D /* Recipe.swift */; };
		C97260EF2C197B73008567F1 /* ModifyIngredientsView.swift in Sources */ = {isa = PBXBuildFile; fileRef = C9FAAC512C19513B00206865 /* ModifyIngredientsView.swift */; };
		C97260F02C197B76008567F1 /* ModifyIngredientView.swift in Sources */ = {isa = PBXBuildFile; fileRef = C98F5F8A2C16CD92001EC0D1 /* ModifyIngredientView.swift */; };
		C98F5F892C16B2AC001EC0D1 /* ModifyMainInformationView.swift in Sources */ = {isa = PBXBuildFile; fileRef = C98F5F882C16B2AC001EC0D1 /* ModifyMainInformationView.swift */; };
		C98F5FA22C16EE72001EC0D1 /* StepperView.swift in Sources */ = {isa = PBXBuildFile; fileRef = C98F5FA12C16EE72001EC0D1 /* StepperView.swift */; };
		C9DE45E22C1062A900EB9F1B /* AppColor.swift in Sources */ = {isa = PBXBuildFile; fileRef = C9DE45E12C1062A900EB9F1B /* AppColor.swift */; };
		C9DE45EB2C108B3F00EB9F1B /* GridMonth.swift in Sources */ = {isa = PBXBuildFile; fileRef = C9DE45EA2C108B3F00EB9F1B /* GridMonth.swift */; };
		C9DE45F12C10CFB200EB9F1B /* RecipeDetailView.swift in Sources */ = {isa = PBXBuildFile; fileRef = C9DE45E32C10653F00EB9F1B /* RecipeDetailView.swift */; };
		C9DE45F42C10D0F200EB9F1B /* ListZoo_dynamic.swift in Sources */ = {isa = PBXBuildFile; fileRef = C9DE45F32C10D0AF00EB9F1B /* ListZoo_dynamic.swift */; };
		C9DE45F52C10D0FF00EB9F1B /* ListZoo.swift in Sources */ = {isa = PBXBuildFile; fileRef = C9DE45F22C10D0AF00EB9F1B /* ListZoo.swift */; };
		C9DE45F72C10D61300EB9F1B /* Data.swift in Sources */ = {isa = PBXBuildFile; fileRef = C9DE45F62C10D61300EB9F1B /* Data.swift */; };
		C9DE45F92C10DC2600EB9F1B /* GridYear.swift in Sources */ = {isa = PBXBuildFile; fileRef = C9DE45F82C10DC2600EB9F1B /* GridYear.swift */; };
		C9DE460E2C11898500EB9F1B /* RecipeCategoryGridView.swift in Sources */ = {isa = PBXBuildFile; fileRef = C9DE45FA2C11693F00EB9F1B /* RecipeCategoryGridView.swift */; };
		C9DE46172C11B60700EB9F1B /* CookcademyApp.swift in Sources */ = {isa = PBXBuildFile; fileRef = C963E6442C0E8DE3000E893D /* CookcademyApp.swift */; };
		C9DE46192C11B81700EB9F1B /* Toolbar_Button_Sheet.swift in Sources */ = {isa = PBXBuildFile; fileRef = C9DE46182C11B81700EB9F1B /* Toolbar_Button_Sheet.swift */; };
		C9DE461D2C11CD7200EB9F1B /* ModifyRecipeView.swift in Sources */ = {isa = PBXBuildFile; fileRef = C9DE461C2C11CD7200EB9F1B /* ModifyRecipeView.swift */; };
		C9DE46222C11DA3C00EB9F1B /* RecipesListView.swift in Sources */ = {isa = PBXBuildFile; fileRef = C9DE45E52C10658900EB9F1B /* RecipesListView.swift */; };
		C9DE46232C11DD1B00EB9F1B /* RecipeData.swift in Sources */ = {isa = PBXBuildFile; fileRef = C9DE45DD2C0F22F300EB9F1B /* RecipeData.swift */; };
/* End PBXBuildFile section */

/* Begin PBXFileReference section */
		C93D4AC62C15A0FE00100E24 /* ContactForm.swift */ = {isa = PBXFileReference; fileEncoding = 4; lastKnownFileType = sourcecode.swift; path = ContactForm.swift; sourceTree = "<group>"; };
		C94A89772C216681002BFCAC /* a.playground */ = {isa = PBXFileReference; lastKnownFileType = file.playground; path = a.playground; sourceTree = "<group>"; xcLanguageSpecificationIdentifier = xcode.lang.swift; };
		C94A89782C216713002BFCAC /* MyPlayground.playground */ = {isa = PBXFileReference; lastKnownFileType = file.playground; path = MyPlayground.playground; sourceTree = "<group>"; xcLanguageSpecificationIdentifier = xcode.lang.swift; };
		C94A89792C21679E002BFCAC /* TabViews.swift */ = {isa = PBXFileReference; lastKnownFileType = sourcecode.swift; path = TabViews.swift; sourceTree = "<group>"; };
		C963E6412C0E8DE3000E893D /* Cookcademy.app */ = {isa = PBXFileReference; explicitFileType = wrapper.application; includeInIndex = 0; path = Cookcademy.app; sourceTree = BUILT_PRODUCTS_DIR; };
		C963E6442C0E8DE3000E893D /* CookcademyApp.swift */ = {isa = PBXFileReference; lastKnownFileType = sourcecode.swift; path = CookcademyApp.swift; sourceTree = "<group>"; };
		C963E6482C0E8DE4000E893D /* Assets.xcassets */ = {isa = PBXFileReference; lastKnownFileType = folder.assetcatalog; path = Assets.xcassets; sourceTree = "<group>"; };
		C963E64B2C0E8DE4000E893D /* Preview Assets.xcassets */ = {isa = PBXFileReference; lastKnownFileType = folder.assetcatalog; path = "Preview Assets.xcassets"; sourceTree = "<group>"; };
		C963E6522C0E8F12000E893D /* Recipe.swift */ = {isa = PBXFileReference; lastKnownFileType = sourcecode.swift; path = Recipe.swift; sourceTree = "<group>"; };
		C98F5F882C16B2AC001EC0D1 /* ModifyMainInformationView.swift */ = {isa = PBXFileReference; lastKnownFileType = sourcecode.swift; path = ModifyMainInformationView.swift; sourceTree = "<group>"; };
		C98F5F8A2C16CD92001EC0D1 /* ModifyIngredientView.swift */ = {isa = PBXFileReference; lastKnownFileType = sourcecode.swift; path = ModifyIngredientView.swift; sourceTree = "<group>"; };
		C98F5FA12C16EE72001EC0D1 /* StepperView.swift */ = {isa = PBXFileReference; lastKnownFileType = sourcecode.swift; path = StepperView.swift; sourceTree = "<group>"; };
		C9DE45DD2C0F22F300EB9F1B /* RecipeData.swift */ = {isa = PBXFileReference; lastKnownFileType = sourcecode.swift; path = RecipeData.swift; sourceTree = "<group>"; };
		C9DE45E12C1062A900EB9F1B /* AppColor.swift */ = {isa = PBXFileReference; lastKnownFileType = sourcecode.swift; path = AppColor.swift; sourceTree = "<group>"; };
		C9DE45E32C10653F00EB9F1B /* RecipeDetailView.swift */ = {isa = PBXFileReference; fileEncoding = 4; lastKnownFileType = sourcecode.swift; path = RecipeDetailView.swift; sourceTree = "<group>"; };
		C9DE45E52C10658900EB9F1B /* RecipesListView.swift */ = {isa = PBXFileReference; lastKnownFileType = sourcecode.swift; path = RecipesListView.swift; sourceTree = "<group>"; };
		C9DE45E62C106C8D00EB9F1B /* HOWSwiftUIView.swift */ = {isa = PBXFileReference; lastKnownFileType = sourcecode.swift; path = HOWSwiftUIView.swift; sourceTree = "<group>"; };
		C9DE45E82C1072E100EB9F1B /* HOWPersonDetailView.swift */ = {isa = PBXFileReference; lastKnownFileType = sourcecode.swift; path = HOWPersonDetailView.swift; sourceTree = "<group>"; };
		C9DE45EA2C108B3F00EB9F1B /* GridMonth.swift */ = {isa = PBXFileReference; lastKnownFileType = sourcecode.swift; path = GridMonth.swift; sourceTree = "<group>"; };
		C9DE45F22C10D0AF00EB9F1B /* ListZoo.swift */ = {isa = PBXFileReference; lastKnownFileType = sourcecode.swift; path = ListZoo.swift; sourceTree = "<group>"; };
		C9DE45F32C10D0AF00EB9F1B /* ListZoo_dynamic.swift */ = {isa = PBXFileReference; lastKnownFileType = sourcecode.swift; path = ListZoo_dynamic.swift; sourceTree = "<group>"; };
		C9DE45F62C10D61300EB9F1B /* Data.swift */ = {isa = PBXFileReference; lastKnownFileType = sourcecode.swift; path = Data.swift; sourceTree = "<group>"; };
		C9DE45F82C10DC2600EB9F1B /* GridYear.swift */ = {isa = PBXFileReference; fileEncoding = 4; lastKnownFileType = sourcecode.swift; path = GridYear.swift; sourceTree = "<group>"; };
		C9DE45FA2C11693F00EB9F1B /* RecipeCategoryGridView.swift */ = {isa = PBXFileReference; lastKnownFileType = sourcecode.swift; path = RecipeCategoryGridView.swift; sourceTree = "<group>"; };
		C9DE46182C11B81700EB9F1B /* Toolbar_Button_Sheet.swift */ = {isa = PBXFileReference; lastKnownFileType = sourcecode.swift; path = Toolbar_Button_Sheet.swift; sourceTree = "<group>"; };
		C9DE461C2C11CD7200EB9F1B /* ModifyRecipeView.swift */ = {isa = PBXFileReference; lastKnownFileType = sourcecode.swift; path = ModifyRecipeView.swift; sourceTree = "<group>"; };
		C9FAAC512C19513B00206865 /* ModifyIngredientsView.swift */ = {isa = PBXFileReference; lastKnownFileType = sourcecode.swift; path = ModifyIngredientsView.swift; sourceTree = "<group>"; };
/* End PBXFileReference section */

/* Begin PBXFrameworksBuildPhase section */
		C963E63E2C0E8DE3000E893D /* Frameworks */ = {
			isa = PBXFrameworksBuildPhase;
			buildActionMask = 2147483647;
			files = (
			);
			runOnlyForDeploymentPostprocessing = 0;
		};
/* End PBXFrameworksBuildPhase section */

/* Begin PBXGroup section */
		C963E6382C0E8DE2000E893D = {
			isa = PBXGroup;
			children = (
				C963E6432C0E8DE3000E893D /* Cookcademy */,
				C963E6422C0E8DE3000E893D /* Products */,
			);
			sourceTree = "<group>";
		};
		C963E6422C0E8DE3000E893D /* Products */ = {
			isa = PBXGroup;
			children = (
				C963E6412C0E8DE3000E893D /* Cookcademy.app */,
			);
			name = Products;
			sourceTree = "<group>";
		};
		C963E6432C0E8DE3000E893D /* Cookcademy */ = {
			isa = PBXGroup;
			children = (
				C963E6442C0E8DE3000E893D /* CookcademyApp.swift */,
				C963E6722C0F1E54000E893D /* Models */,
				C963E6712C0F1E20000E893D /* Views */,
				C963E6702C0F1E17000E893D /* ViewModels */,
				C963E6482C0E8DE4000E893D /* Assets.xcassets */,
				C963E64A2C0E8DE4000E893D /* Preview Content */,
				C9DE45EC2C108B4D00EB9F1B /* Basics */,
				C9DE45ED2C10CEFA00EB9F1B /* Docs */,
			);
			path = Cookcademy;
			sourceTree = "<group>";
		};
		C963E64A2C0E8DE4000E893D /* Preview Content */ = {
			isa = PBXGroup;
			children = (
				C963E64B2C0E8DE4000E893D /* Preview Assets.xcassets */,
			);
			path = "Preview Content";
			sourceTree = "<group>";
		};
		C963E6702C0F1E17000E893D /* ViewModels */ = {
			isa = PBXGroup;
			children = (
				C9DE45DD2C0F22F300EB9F1B /* RecipeData.swift */,
				C9DE45E12C1062A900EB9F1B /* AppColor.swift */,
			);
			path = ViewModels;
			sourceTree = "<group>";
		};
		C963E6712C0F1E20000E893D /* Views */ = {
			isa = PBXGroup;
			children = (
				C9DE461A2C11CCF400EB9F1B /* ExploreRecipes */,
				C9DE461B2C11CD2A00EB9F1B /* ModifyRecipes */,
			);
			path = Views;
			sourceTree = "<group>";
		};
		C963E6722C0F1E54000E893D /* Models */ = {
			isa = PBXGroup;
			children = (
				C963E6522C0E8F12000E893D /* Recipe.swift */,
			);
			path = Models;
			sourceTree = "<group>";
		};
		C9DE45EC2C108B4D00EB9F1B /* Basics */ = {
			isa = PBXGroup;
			children = (
				C93D4AC62C15A0FE00100E24 /* ContactForm.swift */,
				C94A89792C21679E002BFCAC /* TabViews.swift */,
				C9DE45F32C10D0AF00EB9F1B /* ListZoo_dynamic.swift */,
				C9DE45F22C10D0AF00EB9F1B /* ListZoo.swift */,
				C9DE45EA2C108B3F00EB9F1B /* GridMonth.swift */,
				C9DE45F82C10DC2600EB9F1B /* GridYear.swift */,
				C9DE45F62C10D61300EB9F1B /* Data.swift */,
				C9DE46182C11B81700EB9F1B /* Toolbar_Button_Sheet.swift */,
				C94A89772C216681002BFCAC /* a.playground */,
				C94A89782C216713002BFCAC /* MyPlayground.playground */,
			);
			path = Basics;
			sourceTree = "<group>";
		};
		C9DE45ED2C10CEFA00EB9F1B /* Docs */ = {
			isa = PBXGroup;
			children = (
				C98F5FA12C16EE72001EC0D1 /* StepperView.swift */,
				C9DE45E62C106C8D00EB9F1B /* HOWSwiftUIView.swift */,
				C9DE45E82C1072E100EB9F1B /* HOWPersonDetailView.swift */,
			);
			path = Docs;
			sourceTree = "<group>";
		};
		C9DE461A2C11CCF400EB9F1B /* ExploreRecipes */ = {
			isa = PBXGroup;
			children = (
				C9DE45FA2C11693F00EB9F1B /* RecipeCategoryGridView.swift */,
				C9DE45E52C10658900EB9F1B /* RecipesListView.swift */,
				C9DE45E32C10653F00EB9F1B /* RecipeDetailView.swift */,
			);
			path = ExploreRecipes;
			sourceTree = "<group>";
		};
		C9DE461B2C11CD2A00EB9F1B /* ModifyRecipes */ = {
			isa = PBXGroup;
			children = (
				C9FAAC512C19513B00206865 /* ModifyIngredientsView.swift */,
				C98F5F8A2C16CD92001EC0D1 /* ModifyIngredientView.swift */,
				C98F5F882C16B2AC001EC0D1 /* ModifyMainInformationView.swift */,
				C9DE461C2C11CD7200EB9F1B /* ModifyRecipeView.swift */,
			);
			path = ModifyRecipes;
			sourceTree = "<group>";
		};
/* End PBXGroup section */

/* Begin PBXNativeTarget section */
		C963E6402C0E8DE3000E893D /* Cookcademy */ = {
			isa = PBXNativeTarget;
			buildConfigurationList = C963E64F2C0E8DE4000E893D /* Build configuration list for PBXNativeTarget "Cookcademy" */;
			buildPhases = (
				C963E63D2C0E8DE3000E893D /* Sources */,
				C963E63E2C0E8DE3000E893D /* Frameworks */,
				C963E63F2C0E8DE3000E893D /* Resources */,
			);
			buildRules = (
			);
			dependencies = (
			);
			name = Cookcademy;
			productName = Cookcademy;
			productReference = C963E6412C0E8DE3000E893D /* Cookcademy.app */;
			productType = "com.apple.product-type.application";
		};
/* End PBXNativeTarget section */

/* Begin PBXProject section */
		C963E6392C0E8DE2000E893D /* Project object */ = {
			isa = PBXProject;
			attributes = {
				BuildIndependentTargetsInParallel = 1;
				LastSwiftUpdateCheck = 1540;
				LastUpgradeCheck = 1540;
				TargetAttributes = {
					C963E6402C0E8DE3000E893D = {
						CreatedOnToolsVersion = 15.4;
					};
				};
			};
			buildConfigurationList = C963E63C2C0E8DE2000E893D /* Build configuration list for PBXProject "Cookcademy" */;
			compatibilityVersion = "Xcode 14.0";
			developmentRegion = en;
			hasScannedForEncodings = 0;
			knownRegions = (
				en,
				Base,
			);
			mainGroup = C963E6382C0E8DE2000E893D;
			productRefGroup = C963E6422C0E8DE3000E893D /* Products */;
			projectDirPath = "";
			projectRoot = "";
			targets = (
				C963E6402C0E8DE3000E893D /* Cookcademy */,
			);
		};
/* End PBXProject section */

/* Begin PBXResourcesBuildPhase section */
		C963E63F2C0E8DE3000E893D /* Resources */ = {
			isa = PBXResourcesBuildPhase;
			buildActionMask = 2147483647;
			files = (
				C963E64C2C0E8DE4000E893D /* Preview Assets.xcassets in Resources */,
				C963E6492C0E8DE4000E893D /* Assets.xcassets in Resources */,
			);
			runOnlyForDeploymentPostprocessing = 0;
		};
/* End PBXResourcesBuildPhase section */

/* Begin PBXSourcesBuildPhase section */
		C963E63D2C0E8DE3000E893D /* Sources */ = {
			isa = PBXSourcesBuildPhase;
			buildActionMask = 2147483647;
			files = (
				C9DE461D2C11CD7200EB9F1B /* ModifyRecipeView.swift in Sources */,
				C9DE45F42C10D0F200EB9F1B /* ListZoo_dynamic.swift in Sources */,
				C97260EF2C197B73008567F1 /* ModifyIngredientsView.swift in Sources */,
				C9DE45F72C10D61300EB9F1B /* Data.swift in Sources */,
				C963E6532C0E8F12000E893D /* Recipe.swift in Sources */,
				C98F5FA22C16EE72001EC0D1 /* StepperView.swift in Sources */,
				C94A897A2C21679E002BFCAC /* TabViews.swift in Sources */,
				C9DE46172C11B60700EB9F1B /* CookcademyApp.swift in Sources */,
				C9DE46192C11B81700EB9F1B /* Toolbar_Button_Sheet.swift in Sources */,
				C9DE45F52C10D0FF00EB9F1B /* ListZoo.swift in Sources */,
				C9DE45EB2C108B3F00EB9F1B /* GridMonth.swift in Sources */,
				C98F5F892C16B2AC001EC0D1 /* ModifyMainInformationView.swift in Sources */,
				C9DE46222C11DA3C00EB9F1B /* RecipesListView.swift in Sources */,
				C93D4AC72C15A0FE00100E24 /* ContactForm.swift in Sources */,
				C9DE45E22C1062A900EB9F1B /* AppColor.swift in Sources */,
				C9DE460E2C11898500EB9F1B /* RecipeCategoryGridView.swift in Sources */,
				C9DE45F12C10CFB200EB9F1B /* RecipeDetailView.swift in Sources */,
				C97260F02C197B76008567F1 /* ModifyIngredientView.swift in Sources */,
				C9DE45F92C10DC2600EB9F1B /* GridYear.swift in Sources */,
				C9DE46232C11DD1B00EB9F1B /* RecipeData.swift in Sources */,
			);
			runOnlyForDeploymentPostprocessing = 0;
		};
/* End PBXSourcesBuildPhase section */

/* Begin XCBuildConfiguration section */
		C963E64D2C0E8DE4000E893D /* Debug */ = {
			isa = XCBuildConfiguration;
			buildSettings = {
				ALWAYS_SEARCH_USER_PATHS = NO;
				ASSETCATALOG_COMPILER_GENERATE_SWIFT_ASSET_SYMBOL_EXTENSIONS = YES;
				CLANG_ANALYZER_NONNULL = YES;
				CLANG_ANALYZER_NUMBER_OBJECT_CONVERSION = YES_AGGRESSIVE;
				CLANG_CXX_LANGUAGE_STANDARD = "gnu++20";
				CLANG_ENABLE_MODULES = YES;
				CLANG_ENABLE_OBJC_ARC = YES;
				CLANG_ENABLE_OBJC_WEAK = YES;
				CLANG_WARN_BLOCK_CAPTURE_AUTORELEASING = YES;
				CLANG_WARN_BOOL_CONVERSION = YES;
				CLANG_WARN_COMMA = YES;
				CLANG_WARN_CONSTANT_CONVERSION = YES;
				CLANG_WARN_DEPRECATED_OBJC_IMPLEMENTATIONS = YES;
				CLANG_WARN_DIRECT_OBJC_ISA_USAGE = YES_ERROR;
				CLANG_WARN_DOCUMENTATION_COMMENTS = YES;
				CLANG_WARN_EMPTY_BODY = YES;
				CLANG_WARN_ENUM_CONVERSION = YES;
				CLANG_WARN_INFINITE_RECURSION = YES;
				CLANG_WARN_INT_CONVERSION = YES;
				CLANG_WARN_NON_LITERAL_NULL_CONVERSION = YES;
				CLANG_WARN_OBJC_IMPLICIT_RETAIN_SELF = YES;
				CLANG_WARN_OBJC_LITERAL_CONVERSION = YES;
				CLANG_WARN_OBJC_ROOT_CLASS = YES_ERROR;
				CLANG_WARN_QUOTED_INCLUDE_IN_FRAMEWORK_HEADER = YES;
				CLANG_WARN_RANGE_LOOP_ANALYSIS = YES;
				CLANG_WARN_STRICT_PROTOTYPES = YES;
				CLANG_WARN_SUSPICIOUS_MOVE = YES;
				CLANG_WARN_UNGUARDED_AVAILABILITY = YES_AGGRESSIVE;
				CLANG_WARN_UNREACHABLE_CODE = YES;
				CLANG_WARN__DUPLICATE_METHOD_MATCH = YES;
				COPY_PHASE_STRIP = NO;
				DEBUG_INFORMATION_FORMAT = dwarf;
				ENABLE_STRICT_OBJC_MSGSEND = YES;
				ENABLE_TESTABILITY = YES;
				ENABLE_USER_SCRIPT_SANDBOXING = YES;
				GCC_C_LANGUAGE_STANDARD = gnu17;
				GCC_DYNAMIC_NO_PIC = NO;
				GCC_NO_COMMON_BLOCKS = YES;
				GCC_OPTIMIZATION_LEVEL = 0;
				GCC_PREPROCESSOR_DEFINITIONS = (
					"DEBUG=1",
					"$(inherited)",
				);
				GCC_WARN_64_TO_32_BIT_CONVERSION = YES;
				GCC_WARN_ABOUT_RETURN_TYPE = YES_ERROR;
				GCC_WARN_UNDECLARED_SELECTOR = YES;
				GCC_WARN_UNINITIALIZED_AUTOS = YES_AGGRESSIVE;
				GCC_WARN_UNUSED_FUNCTION = YES;
				GCC_WARN_UNUSED_VARIABLE = YES;
				IPHONEOS_DEPLOYMENT_TARGET = 17.5;
				LOCALIZATION_PREFERS_STRING_CATALOGS = YES;
				MTL_ENABLE_DEBUG_INFO = INCLUDE_SOURCE;
				MTL_FAST_MATH = YES;
				ONLY_ACTIVE_ARCH = YES;
				SDKROOT = iphoneos;
				SWIFT_ACTIVE_COMPILATION_CONDITIONS = "DEBUG $(inherited)";
				SWIFT_OPTIMIZATION_LEVEL = "-Onone";
			};
			name = Debug;
		};
		C963E64E2C0E8DE4000E893D /* Release */ = {
			isa = XCBuildConfiguration;
			buildSettings = {
				ALWAYS_SEARCH_USER_PATHS = NO;
				ASSETCATALOG_COMPILER_GENERATE_SWIFT_ASSET_SYMBOL_EXTENSIONS = YES;
				CLANG_ANALYZER_NONNULL = YES;
				CLANG_ANALYZER_NUMBER_OBJECT_CONVERSION = YES_AGGRESSIVE;
				CLANG_CXX_LANGUAGE_STANDARD = "gnu++20";
				CLANG_ENABLE_MODULES = YES;
				CLANG_ENABLE_OBJC_ARC = YES;
				CLANG_ENABLE_OBJC_WEAK = YES;
				CLANG_WARN_BLOCK_CAPTURE_AUTORELEASING = YES;
				CLANG_WARN_BOOL_CONVERSION = YES;
				CLANG_WARN_COMMA = YES;
				CLANG_WARN_CONSTANT_CONVERSION = YES;
				CLANG_WARN_DEPRECATED_OBJC_IMPLEMENTATIONS = YES;
				CLANG_WARN_DIRECT_OBJC_ISA_USAGE = YES_ERROR;
				CLANG_WARN_DOCUMENTATION_COMMENTS = YES;
				CLANG_WARN_EMPTY_BODY = YES;
				CLANG_WARN_ENUM_CONVERSION = YES;
				CLANG_WARN_INFINITE_RECURSION = YES;
				CLANG_WARN_INT_CONVERSION = YES;
				CLANG_WARN_NON_LITERAL_NULL_CONVERSION = YES;
				CLANG_WARN_OBJC_IMPLICIT_RETAIN_SELF = YES;
				CLANG_WARN_OBJC_LITERAL_CONVERSION = YES;
				CLANG_WARN_OBJC_ROOT_CLASS = YES_ERROR;
				CLANG_WARN_QUOTED_INCLUDE_IN_FRAMEWORK_HEADER = YES;
				CLANG_WARN_RANGE_LOOP_ANALYSIS = YES;
				CLANG_WARN_STRICT_PROTOTYPES = YES;
				CLANG_WARN_SUSPICIOUS_MOVE = YES;
				CLANG_WARN_UNGUARDED_AVAILABILITY = YES_AGGRESSIVE;
				CLANG_WARN_UNREACHABLE_CODE = YES;
				CLANG_WARN__DUPLICATE_METHOD_MATCH = YES;
				COPY_PHASE_STRIP = NO;
				DEBUG_INFORMATION_FORMAT = "dwarf-with-dsym";
				ENABLE_NS_ASSERTIONS = NO;
				ENABLE_STRICT_OBJC_MSGSEND = YES;
				ENABLE_USER_SCRIPT_SANDBOXING = YES;
				GCC_C_LANGUAGE_STANDARD = gnu17;
				GCC_NO_COMMON_BLOCKS = YES;
				GCC_WARN_64_TO_32_BIT_CONVERSION = YES;
				GCC_WARN_ABOUT_RETURN_TYPE = YES_ERROR;
				GCC_WARN_UNDECLARED_SELECTOR = YES;
				GCC_WARN_UNINITIALIZED_AUTOS = YES_AGGRESSIVE;
				GCC_WARN_UNUSED_FUNCTION = YES;
				GCC_WARN_UNUSED_VARIABLE = YES;
				IPHONEOS_DEPLOYMENT_TARGET = 17.5;
				LOCALIZATION_PREFERS_STRING_CATALOGS = YES;
				MTL_ENABLE_DEBUG_INFO = NO;
				MTL_FAST_MATH = YES;
				SDKROOT = iphoneos;
				SWIFT_COMPILATION_MODE = wholemodule;
				VALIDATE_PRODUCT = YES;
			};
			name = Release;
		};
		C963E6502C0E8DE4000E893D /* Debug */ = {
			isa = XCBuildConfiguration;
			buildSettings = {
				ASSETCATALOG_COMPILER_APPICON_NAME = AppIcon;
				ASSETCATALOG_COMPILER_GLOBAL_ACCENT_COLOR_NAME = AccentColor;
				CODE_SIGN_STYLE = Automatic;
				CURRENT_PROJECT_VERSION = 1;
				DEVELOPMENT_ASSET_PATHS = "\"Cookcademy/Preview Content\"";
				DEVELOPMENT_TEAM = NXH58JFT33;
				ENABLE_PREVIEWS = YES;
				GENERATE_INFOPLIST_FILE = YES;
				INFOPLIST_KEY_UIApplicationSceneManifest_Generation = YES;
				INFOPLIST_KEY_UIApplicationSupportsIndirectInputEvents = YES;
				INFOPLIST_KEY_UILaunchScreen_Generation = YES;
				INFOPLIST_KEY_UISupportedInterfaceOrientations_iPad = "UIInterfaceOrientationPortrait UIInterfaceOrientationPortraitUpsideDown UIInterfaceOrientationLandscapeLeft UIInterfaceOrientationLandscapeRight";
				INFOPLIST_KEY_UISupportedInterfaceOrientations_iPhone = "UIInterfaceOrientationPortrait UIInterfaceOrientationLandscapeLeft UIInterfaceOrientationLandscapeRight";
				IPHONEOS_DEPLOYMENT_TARGET = 17.2;
				LD_RUNPATH_SEARCH_PATHS = (
					"$(inherited)",
					"@executable_path/Frameworks",
				);
				MARKETING_VERSION = 1.0;
				PRODUCT_BUNDLE_IDENTIFIER = com.narb.Cookcademy;
				PRODUCT_NAME = "$(TARGET_NAME)";
				SWIFT_EMIT_LOC_STRINGS = YES;
				SWIFT_VERSION = 5.0;
				TARGETED_DEVICE_FAMILY = "1,2";
			};
			name = Debug;
		};
		C963E6512C0E8DE4000E893D /* Release */ = {
			isa = XCBuildConfiguration;
			buildSettings = {
				ASSETCATALOG_COMPILER_APPICON_NAME = AppIcon;
				ASSETCATALOG_COMPILER_GLOBAL_ACCENT_COLOR_NAME = AccentColor;
				CODE_SIGN_STYLE = Automatic;
				CURRENT_PROJECT_VERSION = 1;
				DEVELOPMENT_ASSET_PATHS = "\"Cookcademy/Preview Content\"";
				DEVELOPMENT_TEAM = NXH58JFT33;
				ENABLE_PREVIEWS = YES;
				GENERATE_INFOPLIST_FILE = YES;
				INFOPLIST_KEY_UIApplicationSceneManifest_Generation = YES;
				INFOPLIST_KEY_UIApplicationSupportsIndirectInputEvents = YES;
				INFOPLIST_KEY_UILaunchScreen_Generation = YES;
				INFOPLIST_KEY_UISupportedInterfaceOrientations_iPad = "UIInterfaceOrientationPortrait UIInterfaceOrientationPortraitUpsideDown UIInterfaceOrientationLandscapeLeft UIInterfaceOrientationLandscapeRight";
				INFOPLIST_KEY_UISupportedInterfaceOrientations_iPhone = "UIInterfaceOrientationPortrait UIInterfaceOrientationLandscapeLeft UIInterfaceOrientationLandscapeRight";
				IPHONEOS_DEPLOYMENT_TARGET = 17.2;
				LD_RUNPATH_SEARCH_PATHS = (
					"$(inherited)",
					"@executable_path/Frameworks",
				);
				MARKETING_VERSION = 1.0;
				PRODUCT_BUNDLE_IDENTIFIER = com.narb.Cookcademy;
				PRODUCT_NAME = "$(TARGET_NAME)";
				SWIFT_EMIT_LOC_STRINGS = YES;
				SWIFT_VERSION = 5.0;
				TARGETED_DEVICE_FAMILY = "1,2";
			};
			name = Release;
		};
/* End XCBuildConfiguration section */

/* Begin XCConfigurationList section */
		C963E63C2C0E8DE2000E893D /* Build configuration list for PBXProject "Cookcademy" */ = {
			isa = XCConfigurationList;
			buildConfigurations = (
				C963E64D2C0E8DE4000E893D /* Debug */,
				C963E64E2C0E8DE4000E893D /* Release */,
			);
			defaultConfigurationIsVisible = 0;
			defaultConfigurationName = Release;
		};
		C963E64F2C0E8DE4000E893D /* Build configuration list for PBXNativeTarget "Cookcademy" */ = {
			isa = XCConfigurationList;
			buildConfigurations = (
				C963E6502C0E8DE4000E893D /* Debug */,
				C963E6512C0E8DE4000E893D /* Release */,
			);
			defaultConfigurationIsVisible = 0;
			defaultConfigurationName = Release;
		};
/* End XCConfigurationList section */
	};
	rootObject = C963E6392C0E8DE2000E893D /* Project object */;
}
